
Microsoft Visual Studio Solution File, Format Version 12.00
# Visual Studio 2013
VisualStudioVersion = 12.0.30723.0
MinimumVisualStudioVersion = 10.0.40219.1
Project("{FAE04EC0-301F-11D3-BF4B-00C04F79EFBC}") = "Bootstrapper", "src\Nuget.Bootstrapper\Bootstrapper.csproj", "{087B1726-2ECE-43E9-8280-9FFEAABA0DAE}"
EndProject
Global
	GlobalSection(SolutionConfigurationPlatforms) = preSolution
		Coverage|Any CPU = Coverage|Any CPU
		Debug|Any CPU = Debug|Any CPU
		Mono Debug|Any CPU = Mono Debug|Any CPU
		Mono Release|Any CPU = Mono Release|Any CPU
		Release|Any CPU = Release|Any CPU
	EndGlobalSection
	GlobalSection(ProjectConfigurationPlatforms) = postSolution
		{087B1726-2ECE-43E9-8280-9FFEAABA0DAE}.Coverage|Any CPU.ActiveCfg = Coverage|Any CPU
		{087B1726-2ECE-43E9-8280-9FFEAABA0DAE}.Coverage|Any CPU.Build.0 = Coverage|Any CPU
		{087B1726-2ECE-43E9-8280-9FFEAABA0DAE}.Debug|Any CPU.ActiveCfg = Debug|Any CPU
		{087B1726-2ECE-43E9-8280-9FFEAABA0DAE}.Debug|Any CPU.Build.0 = Debug|Any CPU
		{087B1726-2ECE-43E9-8280-9FFEAABA0DAE}.Mono Debug|Any CPU.ActiveCfg = Mono Debug|Any CPU
		{087B1726-2ECE-43E9-8280-9FFEAABA0DAE}.Mono Debug|Any CPU.Build.0 = Mono Debug|Any CPU
		{087B1726-2ECE-43E9-8280-9FFEAABA0DAE}.Mono Release|Any CPU.ActiveCfg = Mono Release|Any CPU
		{087B1726-2ECE-43E9-8280-9FFEAABA0DAE}.Mono Release|Any CPU.Build.0 = Mono Release|Any CPU
		{087B1726-2ECE-43E9-8280-9FFEAABA0DAE}.Release|Any CPU.ActiveCfg = Release|Any CPU
		{087B1726-2ECE-43E9-8280-9FFEAABA0DAE}.Release|Any CPU.Build.0 = Release|Any CPU
	EndGlobalSection
	GlobalSection(SolutionProperties) = preSolution
		HideSolutionNode = FALSE
	EndGlobalSection
EndGlobal
